# THIS IS AN AUTOGENERATED FILE. DO NOT EDIT THIS FILE DIRECTLY.
# yarn lockfile v1


"@substructure/elements-base@^0.1.4":
  version "0.1.11"
  resolved "https://registry.yarnpkg.com/@substructure/elements-base/-/elements-base-0.1.11.tgz#4fc3a48606f55b810b49c97b4949ce794c08197b"
  integrity sha512-IgbE918LPbuYoQ4y4ZkBWaT/M+I/6vY8dMuK9W1BN9rTgv0kT75sEMnk1Nkq1l/sMCIQoB5XVyVJ3iOaydym9w==
  dependencies:
    "@substructure/settings" "^0.1.5"
    "@substructure/tools" "^0.1.8"

"@substructure/elements-text@^0.1.2":
  version "0.1.8"
  resolved "https://registry.yarnpkg.com/@substructure/elements-text/-/elements-text-0.1.8.tgz#f1d28196065605495657e853c05a452ec1265a55"
  integrity sha512-+NFQWGmG70rd5IQ5ZzpG2gDk6yos+g9A+GPlTb1J8qpDVtwdciS6Exh0L+cupwotJJbm1OFVLCTMmF4NR/aWiA==
  dependencies:
    "@substructure/settings" "^0.1.5"
    "@substructure/tools" "^0.1.8"

"@substructure/generic-initialize@^0.1.2":
  version "0.1.3"
  resolved "https://registry.yarnpkg.com/@substructure/generic-initialize/-/generic-initialize-0.1.3.tgz#4977fc5d4e021b47c75968cc2eb73838cfe7a431"
  integrity sha512-wqBKEKxBNB97eEEN0L8yrXwjlR9D6ygPK1Iv0CowEPlHBb8KSWzi7KpYth4FCVXE/96mj5rGMRJCouUX6ilmeQ==

"@substructure/generic-shared@^0.1.2":
  version "0.1.9"
  resolved "https://registry.yarnpkg.com/@substructure/generic-shared/-/generic-shared-0.1.9.tgz#9cabb16010cd1ff1be15dd8e357179edf60d9c03"
  integrity sha512-Ac7rY1Ns8rirFO+yBZUSzu7qNnHu4eXalBYrUY+Ufl6zmrIdmMl6GdX/l81MiABMRSKFklisG7iklOznW0ktWg==
  dependencies:
    "@substructure/settings" "^0.1.5"
    "@substructure/tools" "^0.1.8"

"@substructure/objects-media@^0.1.2":
  version "0.1.9"
  resolved "https://registry.yarnpkg.com/@substructure/objects-media/-/objects-media-0.1.9.tgz#463d0e43d87dcf12713b3379a7eb3eee9d26486e"
  integrity sha512-EmYOV/+PEIR3xm2MZ9kXbj/V63veY7eR1W0GJoFdPuoe8izebqdln8mGw69xjQ4Qt7aGWqSi2nEZM1ZDxoA6Vg==
  dependencies:
    "@substructure/settings" "^0.1.5"
    "@substructure/tools" "^0.1.8"

"@substructure/objects-wrapper@^0.1.2":
  version "0.1.10"
  resolved "https://registry.yarnpkg.com/@substructure/objects-wrapper/-/objects-wrapper-0.1.10.tgz#e905afe975527173a6730e4a85592ccb71382f7b"
  integrity sha512-DWVHimmfD9BeRTcgBh5P676F0zIzZvvIsEr34d6G/4hIwmCTSV7YxgBuNq3ag3gXme+z50hHkRVQTw1+YapS7w==
  dependencies:
    "@substructure/settings" "^0.1.5"
    "@substructure/tools" "^0.1.8"

"@substructure/settings@^0.1.2", "@substructure/settings@^0.1.5":
  version "0.1.5"
  resolved "https://registry.yarnpkg.com/@substructure/settings/-/settings-0.1.5.tgz#120353189989457676f851ec863926e9293de10f"
  integrity sha512-KGNw6Jp4F3NqbxVXmGT5dYQHeW7g2PBAGCbGJEc4JALc7o+dZOTOWouq/fglS3NeAOmEDPk5rDY2+5W32PITXQ==

"@substructure/tools@^0.1.2", "@substructure/tools@^0.1.8":
  version "0.1.8"
  resolved "https://registry.yarnpkg.com/@substructure/tools/-/tools-0.1.8.tgz#78236252baf05c5656c7f643e9d88871571f4a82"
  integrity sha512-MH+LT/3pmgdo/6OluUaPTGxkxNUv7lu4uvLRWGOXHRGG8PtoBHa/5A9Cd8SGTD6DXLFogiduyyH4QKWI4JoEBg==
  dependencies:
    "@substructure/settings" "^0.1.5"

"@substructure/utilities-sizing@^0.1.2":
  version "0.1.8"
  resolved "https://registry.yarnpkg.com/@substructure/utilities-sizing/-/utilities-sizing-0.1.8.tgz#9dd057f845cb3a7ecd90929ec082fc39b4a4bfd7"
  integrity sha512-xrH3e2dg8ko/79rb7Hl+D4xBdtTXCuOHj8EAUoMeF4/Ha1aigUFM8JLlEAqwuXTz9T0PeMCYCkYwWJuAEePZTg==
  dependencies:
    "@substructure/settings" "^0.1.5"
    "@substructure/tools" "^0.1.8"

"@substructure/utilities-spacing@^0.1.4":
  version "0.1.10"
  resolved "https://registry.yarnpkg.com/@substructure/utilities-spacing/-/utilities-spacing-0.1.10.tgz#3d68d95d49a4cf6f559bf8777531ffc1a9f9c738"
  integrity sha512-Ges1rwD1Kl+5FU+y57olKaXQNl9kp3FCQ8wIYIaPImwzJO1A/IOr/BDrAfVhkPdiu3XQdL08qUHtY4xh9Gb7ZQ==
  dependencies:
    "@substructure/settings" "^0.1.5"
    "@substructure/tools" "^0.1.8"

"@substructure/utilities-text-sizing@^0.1.4":
  version "0.1.12"
  resolved "https://registry.yarnpkg.com/@substructure/utilities-text-sizing/-/utilities-text-sizing-0.1.12.tgz#d7972c8becd41de3790318f5cb177b249f1bb528"
  integrity sha512-l7Yf0WVT4dVKyXphsfh9xRoHCU629t6MZ++MDSawfG9rgSSJzwVBu9Oi4EQlwFnJ+ryHhmNqn+qdA9OEeFbk+Q==
  dependencies:
    "@substructure/settings" "^0.1.5"
    "@substructure/tools" "^0.1.8"

anymatch@~3.1.1:
  version "3.1.1"
  resolved "https://registry.yarnpkg.com/anymatch/-/anymatch-3.1.1.tgz#c55ecf02185e2469259399310c173ce31233b142"
  integrity sha512-mM8522psRCqzV+6LhomX5wgp25YVibjh8Wj23I5RPkPppSVSjyKD2A2mBJmWGa+KN7f2D6LNh9jkBCeyLktzjg==
  dependencies:
    normalize-path "^3.0.0"
    picomatch "^2.0.4"

binary-extensions@^2.0.0:
  version "2.1.0"
  resolved "https://registry.yarnpkg.com/binary-extensions/-/binary-extensions-2.1.0.tgz#30fa40c9e7fe07dbc895678cd287024dea241dd9"
  integrity sha512-1Yj8h9Q+QDF5FzhMs/c9+6UntbD5MkRfRwac8DoEm9ZfUBZ7tZ55YcGVAzEe4bXsdQHEk+s9S5wsOKVdZrw0tQ==

braces@~3.0.2:
  version "3.0.2"
  resolved "https://registry.yarnpkg.com/braces/-/braces-3.0.2.tgz#3454e1a462ee8d599e236df336cd9ea4f8afe107"
  integrity sha512-b8um+L1RzM3WDSzvhm6gIz1yfTbBt6YTlcEKAvsmqCZZFw46z626lVj9j1yEPW33H5H+lBQpZMP1k8l+78Ha0A==
  dependencies:
    fill-range "^7.0.1"

"chokidar@>=2.0.0 <4.0.0":
  version "3.4.1"
  resolved "https://registry.yarnpkg.com/chokidar/-/chokidar-3.4.1.tgz#e905bdecf10eaa0a0b1db0c664481cc4cbc22ba1"
  integrity sha512-TQTJyr2stihpC4Sya9hs2Xh+O2wf+igjL36Y75xx2WdHuiICcn/XJza46Jwt0eT5hVpQOzo3FpY3cj3RVYLX0g==
  dependencies:
    anymatch "~3.1.1"
    braces "~3.0.2"
    glob-parent "~5.1.0"
    is-binary-path "~2.1.0"
    is-glob "~4.0.1"
    normalize-path "~3.0.0"
    readdirp "~3.4.0"
  optionalDependencies:
    fsevents "~2.1.2"

fill-range@^7.0.1:
  version "7.0.1"
  resolved "https://registry.yarnpkg.com/fill-range/-/fill-range-7.0.1.tgz#1919a6a7c75fe38b2c7c77e5198535da9acdda40"
  integrity sha512-qOo9F+dMUmC2Lcb4BbVvnKJxTPjCm+RRpe4gDuGrzkL7mEVl/djYSu2OdQ2Pa302N4oqkSg9ir6jaLWJ2USVpQ==
  dependencies:
    to-regex-range "^5.0.1"

fsevents@~2.1.2:
  version "2.1.3"
  resolved "https://registry.yarnpkg.com/fsevents/-/fsevents-2.1.3.tgz#fb738703ae8d2f9fe900c33836ddebee8b97f23e"
  integrity sha512-Auw9a4AxqWpa9GUfj370BMPzzyncfBABW8Mab7BGWBYDj4Isgq+cDKtx0i6u9jcX9pQDnswsaaOTgTmA5pEjuQ==

glob-parent@~5.1.0:
  version "5.1.1"
  resolved "https://registry.yarnpkg.com/glob-parent/-/glob-parent-5.1.1.tgz#b6c1ef417c4e5663ea498f1c45afac6916bbc229"
  integrity sha512-FnI+VGOpnlGHWZxthPGR+QhR78fuiK0sNLkHQv+bL9fQi57lNNdquIbna/WrfROrolq8GK5Ek6BiMwqL/voRYQ==
  dependencies:
    is-glob "^4.0.1"

is-binary-path@~2.1.0:
  version "2.1.0"
  resolved "https://registry.yarnpkg.com/is-binary-path/-/is-binary-path-2.1.0.tgz#ea1f7f3b80f064236e83470f86c09c254fb45b09"
  integrity sha512-ZMERYes6pDydyuGidse7OsHxtbI7WVeUEozgR/g7rd0xUimYNlvZRE/K2MgZTjWy725IfelLeVcEM97mmtRGXw==
  dependencies:
    binary-extensions "^2.0.0"

is-extglob@^2.1.1:
  version "2.1.1"
  resolved "https://registry.yarnpkg.com/is-extglob/-/is-extglob-2.1.1.tgz#a88c02535791f02ed37c76a1b9ea9773c833f8c2"
  integrity sha1-qIwCU1eR8C7TfHahueqXc8gz+MI=

is-glob@^4.0.1, is-glob@~4.0.1:
  version "4.0.1"
  resolved "https://registry.yarnpkg.com/is-glob/-/is-glob-4.0.1.tgz#7567dbe9f2f5e2467bc77ab83c4a29482407a5dc"
  integrity sha512-5G0tKtBTFImOqDnLB2hG6Bp2qcKEFduo4tZu9MT/H6NQv/ghhy30o55ufafxJ/LdH79LLs2Kfrn85TLKyA7BUg==
  dependencies:
    is-extglob "^2.1.1"

is-number@^7.0.0:
  version "7.0.0"
  resolved "https://registry.yarnpkg.com/is-number/-/is-number-7.0.0.tgz#7535345b896734d5f80c4d06c50955527a14f12b"
  integrity sha512-41Cifkg6e8TylSpdtTpeLVMqvSBEVzTttHvERD741+pnZ8ANv0004MRL43QKPDlK9cGvNp6NZWZUBlbGXYxxng==

normalize-path@^3.0.0, normalize-path@~3.0.0:
  version "3.0.0"
  resolved "https://registry.yarnpkg.com/normalize-path/-/normalize-path-3.0.0.tgz#0dcd69ff23a1c9b11fd0978316644a0388216a65"
  integrity sha512-6eZs5Ls3WtCisHWp9S2GUy8dqkpGi4BVSz3GaqiE6ezub0512ESztXUwUB6C6IKbQkY2Pnb/mD4WYojCRwcwLA==

picomatch@^2.0.4, picomatch@^2.2.1:
  version "2.2.2"
  resolved "https://registry.yarnpkg.com/picomatch/-/picomatch-2.2.2.tgz#21f333e9b6b8eaff02468f5146ea406d345f4dad"
  integrity sha512-q0M/9eZHzmr0AulXyPwNfZjtwZ/RBZlbN3K3CErVrk50T2ASYI7Bye0EvekFY3IP1Nt2DHu0re+V2ZHIpMkuWg==

readdirp@~3.4.0:
  version "3.4.0"
  resolved "https://registry.yarnpkg.com/readdirp/-/readdirp-3.4.0.tgz#9fdccdf9e9155805449221ac645e8303ab5b9ada"
  integrity sha512-0xe001vZBnJEK+uKcj8qOhyAKPzIT+gStxWr3LCB0DwcXR5NZJ3IaC+yGnHCYzB/S7ov3m3EEbZI2zeNvX+hGQ==
  dependencies:
    picomatch "^2.2.1"

sass@^1.26.10:
  version "1.26.10"
  resolved "https://registry.yarnpkg.com/sass/-/sass-1.26.10.tgz#851d126021cdc93decbf201d1eca2a20ee434760"
  integrity sha512-bzN0uvmzfsTvjz0qwccN1sPm2HxxpNI/Xa+7PlUEMS+nQvbyuEK7Y0qFqxlPHhiNHb1Ze8WQJtU31olMObkAMw==
  dependencies:
    chokidar ">=2.0.0 <4.0.0"

to-regex-range@^5.0.1:
  version "5.0.1"
  resolved "https://registry.yarnpkg.com/to-regex-range/-/to-regex-range-5.0.1.tgz#1648c44aae7c8d988a326018ed72f5b4dd0392e4"
  integrity sha512-65P7iz6X5yEr1cwcgvQxbbIw7Uk3gOy5dIdtZ4rDveLqhrdJP+Li/Hx6tyK0NEb+2GCyneCMJiGqrADCSNk8sQ==
  dependencies:
    is-number "^7.0.0"
